// !$*UTF8*$!
{
	archiveVersion = 1;
	classes = {
	};
	objectVersion = 46;
	objects = {

/* Begin PBXBuildFile section */
		67F3EAE0513DED44226A7BEC /* libPods-WhoIsIn.a in Frameworks */ = {isa = PBXBuildFile; fileRef = D01F22DB612F9228894D4173 /* libPods-WhoIsIn.a */; };
		D425455C19E189EC004B5AE3 /* main.m in Sources */ = {isa = PBXBuildFile; fileRef = D425455B19E189EC004B5AE3 /* main.m */; };
		D425456119E189EC004B5AE3 /* Images.xcassets in Resources */ = {isa = PBXBuildFile; fileRef = D425456019E189EC004B5AE3 /* Images.xcassets */; };
		D425456419E189EC004B5AE3 /* LaunchScreen.xib in Resources */ = {isa = PBXBuildFile; fileRef = D425456219E189EC004B5AE3 /* LaunchScreen.xib */; };
		D425457019E189EC004B5AE3 /* WhoIsInTests.m in Sources */ = {isa = PBXBuildFile; fileRef = D425456F19E189EC004B5AE3 /* WhoIsInTests.m */; };
		D425457B19E1AA45004B5AE3 /* GCAppDelegate.m in Sources */ = {isa = PBXBuildFile; fileRef = D425457A19E1AA45004B5AE3 /* GCAppDelegate.m */; };
		D425458819E1ABF2004B5AE3 /* GCAppConfig.m in Sources */ = {isa = PBXBuildFile; fileRef = D425458319E1ABF2004B5AE3 /* GCAppConfig.m */; };
		D425458919E1ABF2004B5AE3 /* GCConstant.m in Sources */ = {isa = PBXBuildFile; fileRef = D425458519E1ABF2004B5AE3 /* GCConstant.m */; };
		D425458A19E1ABF2004B5AE3 /* GCCustomLogFormatters.m in Sources */ = {isa = PBXBuildFile; fileRef = D425458719E1ABF2004B5AE3 /* GCCustomLogFormatters.m */; };
		D4C767CC19F4130B005B2683 /* GCSignInViewController.m in Sources */ = {isa = PBXBuildFile; fileRef = D4C767CB19F4130B005B2683 /* GCSignInViewController.m */; };
		D4C767CF19F4131D005B2683 /* GCRegisterViewController.m in Sources */ = {isa = PBXBuildFile; fileRef = D4C767CE19F4131D005B2683 /* GCRegisterViewController.m */; };
		D4C767D519F41363005B2683 /* GCRegisterScrollView.m in Sources */ = {isa = PBXBuildFile; fileRef = D4C767D419F41363005B2683 /* GCRegisterScrollView.m */; };
		D4C767D819F43F4B005B2683 /* GCSignInView.m in Sources */ = {isa = PBXBuildFile; fileRef = D4C767D719F43F4B005B2683 /* GCSignInView.m */; };
		D4F777E419F410630061F62C /* GCAppAPI.m in Sources */ = {isa = PBXBuildFile; fileRef = D4F777DF19F410630061F62C /* GCAppAPI.m */; };
		D4F777E519F410630061F62C /* GCAppSetup.m in Sources */ = {isa = PBXBuildFile; fileRef = D4F777E119F410630061F62C /* GCAppSetup.m */; };
		D4F777E619F410630061F62C /* GCNetwork.m in Sources */ = {isa = PBXBuildFile; fileRef = D4F777E319F410630061F62C /* GCNetwork.m */; };
/* End PBXBuildFile section */

/* Begin PBXContainerItemProxy section */
		D425456A19E189EC004B5AE3 /* PBXContainerItemProxy */ = {
			isa = PBXContainerItemProxy;
			containerPortal = D425454E19E189EC004B5AE3 /* Project object */;
			proxyType = 1;
			remoteGlobalIDString = D425455519E189EC004B5AE3;
			remoteInfo = WhoIsIn;
		};
/* End PBXContainerItemProxy section */

/* Begin PBXFileReference section */
		222FCFFDD8D14EFDD86B6395 /* Pods-WhoIsIn.debug.xcconfig */ = {isa = PBXFileReference; includeInIndex = 1; lastKnownFileType = text.xcconfig; name = "Pods-WhoIsIn.debug.xcconfig"; path = "Pods/Target Support Files/Pods-WhoIsIn/Pods-WhoIsIn.debug.xcconfig"; sourceTree = "<group>"; };
		79B8446B3835995823D7F228 /* Pods-WhoIsIn.release.xcconfig */ = {isa = PBXFileReference; includeInIndex = 1; lastKnownFileType = text.xcconfig; name = "Pods-WhoIsIn.release.xcconfig"; path = "Pods/Target Support Files/Pods-WhoIsIn/Pods-WhoIsIn.release.xcconfig"; sourceTree = "<group>"; };
		D01F22DB612F9228894D4173 /* libPods-WhoIsIn.a */ = {isa = PBXFileReference; explicitFileType = archive.ar; includeInIndex = 0; path = "libPods-WhoIsIn.a"; sourceTree = BUILT_PRODUCTS_DIR; };
		D425455619E189EC004B5AE3 /* WhoIsIn.app */ = {isa = PBXFileReference; explicitFileType = wrapper.application; includeInIndex = 0; path = WhoIsIn.app; sourceTree = BUILT_PRODUCTS_DIR; };
		D425455A19E189EC004B5AE3 /* Info.plist */ = {isa = PBXFileReference; lastKnownFileType = text.plist.xml; path = Info.plist; sourceTree = "<group>"; };
		D425455B19E189EC004B5AE3 /* main.m */ = {isa = PBXFileReference; lastKnownFileType = sourcecode.c.objc; path = main.m; sourceTree = "<group>"; };
		D425456019E189EC004B5AE3 /* Images.xcassets */ = {isa = PBXFileReference; lastKnownFileType = folder.assetcatalog; path = Images.xcassets; sourceTree = "<group>"; };
		D425456319E189EC004B5AE3 /* Base */ = {isa = PBXFileReference; lastKnownFileType = file.xib; name = Base; path = Base.lproj/LaunchScreen.xib; sourceTree = "<group>"; };
		D425456919E189EC004B5AE3 /* WhoIsInTests.xctest */ = {isa = PBXFileReference; explicitFileType = wrapper.cfbundle; includeInIndex = 0; path = WhoIsInTests.xctest; sourceTree = BUILT_PRODUCTS_DIR; };
		D425456E19E189EC004B5AE3 /* Info.plist */ = {isa = PBXFileReference; lastKnownFileType = text.plist.xml; path = Info.plist; sourceTree = "<group>"; };
		D425456F19E189EC004B5AE3 /* WhoIsInTests.m */ = {isa = PBXFileReference; lastKnownFileType = sourcecode.c.objc; path = WhoIsInTests.m; sourceTree = "<group>"; };
		D425457919E1AA45004B5AE3 /* GCAppDelegate.h */ = {isa = PBXFileReference; fileEncoding = 4; lastKnownFileType = sourcecode.c.h; path = GCAppDelegate.h; sourceTree = "<group>"; };
		D425457A19E1AA45004B5AE3 /* GCAppDelegate.m */ = {isa = PBXFileReference; fileEncoding = 4; lastKnownFileType = sourcecode.c.objc; path = GCAppDelegate.m; sourceTree = "<group>"; };
		D425457C19E1AAF5004B5AE3 /* PrefixHeader.pch */ = {isa = PBXFileReference; lastKnownFileType = sourcecode.c.h; path = PrefixHeader.pch; sourceTree = "<group>"; };
		D425458219E1ABF2004B5AE3 /* GCAppConfig.h */ = {isa = PBXFileReference; fileEncoding = 4; lastKnownFileType = sourcecode.c.h; path = GCAppConfig.h; sourceTree = "<group>"; };
		D425458319E1ABF2004B5AE3 /* GCAppConfig.m */ = {isa = PBXFileReference; fileEncoding = 4; lastKnownFileType = sourcecode.c.objc; path = GCAppConfig.m; sourceTree = "<group>"; };
		D425458419E1ABF2004B5AE3 /* GCConstant.h */ = {isa = PBXFileReference; fileEncoding = 4; lastKnownFileType = sourcecode.c.h; path = GCConstant.h; sourceTree = "<group>"; };
		D425458519E1ABF2004B5AE3 /* GCConstant.m */ = {isa = PBXFileReference; fileEncoding = 4; lastKnownFileType = sourcecode.c.objc; path = GCConstant.m; sourceTree = "<group>"; };
		D425458619E1ABF2004B5AE3 /* GCCustomLogFormatters.h */ = {isa = PBXFileReference; fileEncoding = 4; lastKnownFileType = sourcecode.c.h; path = GCCustomLogFormatters.h; sourceTree = "<group>"; };
		D425458719E1ABF2004B5AE3 /* GCCustomLogFormatters.m */ = {isa = PBXFileReference; fileEncoding = 4; lastKnownFileType = sourcecode.c.objc; path = GCCustomLogFormatters.m; sourceTree = "<group>"; };
		D4C767CA19F4130B005B2683 /* GCSignInViewController.h */ = {isa = PBXFileReference; fileEncoding = 4; lastKnownFileType = sourcecode.c.h; name = GCSignInViewController.h; path = View/GCSignInViewController.h; sourceTree = "<group>"; };
		D4C767CB19F4130B005B2683 /* GCSignInViewController.m */ = {isa = PBXFileReference; fileEncoding = 4; lastKnownFileType = sourcecode.c.objc; name = GCSignInViewController.m; path = View/GCSignInViewController.m; sourceTree = "<group>"; };
		D4C767CD19F4131D005B2683 /* GCRegisterViewController.h */ = {isa = PBXFileReference; fileEncoding = 4; lastKnownFileType = sourcecode.c.h; name = GCRegisterViewController.h; path = View/GCRegisterViewController.h; sourceTree = "<group>"; };
		D4C767CE19F4131D005B2683 /* GCRegisterViewController.m */ = {isa = PBXFileReference; fileEncoding = 4; lastKnownFileType = sourcecode.c.objc; name = GCRegisterViewController.m; path = View/GCRegisterViewController.m; sourceTree = "<group>"; };
		D4C767D319F41363005B2683 /* GCRegisterScrollView.h */ = {isa = PBXFileReference; fileEncoding = 4; lastKnownFileType = sourcecode.c.h; name = GCRegisterScrollView.h; path = View/GCRegisterScrollView.h; sourceTree = "<group>"; };
		D4C767D419F41363005B2683 /* GCRegisterScrollView.m */ = {isa = PBXFileReference; fileEncoding = 4; lastKnownFileType = sourcecode.c.objc; name = GCRegisterScrollView.m; path = View/GCRegisterScrollView.m; sourceTree = "<group>"; };
		D4C767D619F43F4B005B2683 /* GCSignInView.h */ = {isa = PBXFileReference; fileEncoding = 4; lastKnownFileType = sourcecode.c.h; name = GCSignInView.h; path = View/GCSignInView.h; sourceTree = "<group>"; };
		D4C767D719F43F4B005B2683 /* GCSignInView.m */ = {isa = PBXFileReference; fileEncoding = 4; lastKnownFileType = sourcecode.c.objc; name = GCSignInView.m; path = View/GCSignInView.m; sourceTree = "<group>"; };
		D4F777DE19F410630061F62C /* GCAppAPI.h */ = {isa = PBXFileReference; fileEncoding = 4; lastKnownFileType = sourcecode.c.h; path = GCAppAPI.h; sourceTree = "<group>"; };
		D4F777DF19F410630061F62C /* GCAppAPI.m */ = {isa = PBXFileReference; fileEncoding = 4; lastKnownFileType = sourcecode.c.objc; path = GCAppAPI.m; sourceTree = "<group>"; };
		D4F777E019F410630061F62C /* GCAppSetup.h */ = {isa = PBXFileReference; fileEncoding = 4; lastKnownFileType = sourcecode.c.h; path = GCAppSetup.h; sourceTree = "<group>"; };
		D4F777E119F410630061F62C /* GCAppSetup.m */ = {isa = PBXFileReference; fileEncoding = 4; lastKnownFileType = sourcecode.c.objc; path = GCAppSetup.m; sourceTree = "<group>"; };
		D4F777E219F410630061F62C /* GCNetwork.h */ = {isa = PBXFileReference; fileEncoding = 4; lastKnownFileType = sourcecode.c.h; path = GCNetwork.h; sourceTree = "<group>"; };
		D4F777E319F410630061F62C /* GCNetwork.m */ = {isa = PBXFileReference; fileEncoding = 4; lastKnownFileType = sourcecode.c.objc; path = GCNetwork.m; sourceTree = "<group>"; };
/* End PBXFileReference section */

/* Begin PBXFrameworksBuildPhase section */
		D425455319E189EC004B5AE3 /* Frameworks */ = {
			isa = PBXFrameworksBuildPhase;
			buildActionMask = 2147483647;
			files = (
				67F3EAE0513DED44226A7BEC /* libPods-WhoIsIn.a in Frameworks */,
			);
			runOnlyForDeploymentPostprocessing = 0;
		};
		D425456619E189EC004B5AE3 /* Frameworks */ = {
			isa = PBXFrameworksBuildPhase;
			buildActionMask = 2147483647;
			files = (
			);
			runOnlyForDeploymentPostprocessing = 0;
		};
/* End PBXFrameworksBuildPhase section */

/* Begin PBXGroup section */
		13C80A667AB026D3972D5EA5 /* Pods */ = {
			isa = PBXGroup;
			children = (
				222FCFFDD8D14EFDD86B6395 /* Pods-WhoIsIn.debug.xcconfig */,
				79B8446B3835995823D7F228 /* Pods-WhoIsIn.release.xcconfig */,
			);
			name = Pods;
			sourceTree = "<group>";
		};
		70D115765CC952EBB5DFDFF9 /* Frameworks */ = {
			isa = PBXGroup;
			children = (
				D01F22DB612F9228894D4173 /* libPods-WhoIsIn.a */,
			);
			name = Frameworks;
			sourceTree = "<group>";
		};
		D425454D19E189EC004B5AE3 = {
			isa = PBXGroup;
			children = (
				D425455819E189EC004B5AE3 /* WhoIsIn */,
				D425456C19E189EC004B5AE3 /* WhoIsInTests */,
				D425455719E189EC004B5AE3 /* Products */,
				13C80A667AB026D3972D5EA5 /* Pods */,
				70D115765CC952EBB5DFDFF9 /* Frameworks */,
			);
			sourceTree = "<group>";
		};
		D425455719E189EC004B5AE3 /* Products */ = {
			isa = PBXGroup;
			children = (
				D425455619E189EC004B5AE3 /* WhoIsIn.app */,
				D425456919E189EC004B5AE3 /* WhoIsInTests.xctest */,
			);
			name = Products;
			sourceTree = "<group>";
		};
		D425455819E189EC004B5AE3 /* WhoIsIn */ = {
			isa = PBXGroup;
			children = (
				D425457919E1AA45004B5AE3 /* GCAppDelegate.h */,
				D425457A19E1AA45004B5AE3 /* GCAppDelegate.m */,
				D425458B19E1AC65004B5AE3 /* View */,
				D425457D19E1ABE6004B5AE3 /* AppAPI */,
				D425458119E1ABF2004B5AE3 /* Store */,
				D425455919E189EC004B5AE3 /* Supporting Files */,
				D425456019E189EC004B5AE3 /* Images.xcassets */,
				D425456219E189EC004B5AE3 /* LaunchScreen.xib */,
			);
			path = WhoIsIn;
			sourceTree = "<group>";
		};
		D425455919E189EC004B5AE3 /* Supporting Files */ = {
			isa = PBXGroup;
			children = (
				D425455A19E189EC004B5AE3 /* Info.plist */,
				D425455B19E189EC004B5AE3 /* main.m */,
				D425457C19E1AAF5004B5AE3 /* PrefixHeader.pch */,
			);
			name = "Supporting Files";
			sourceTree = "<group>";
		};
		D425456C19E189EC004B5AE3 /* WhoIsInTests */ = {
			isa = PBXGroup;
			children = (
				D425456F19E189EC004B5AE3 /* WhoIsInTests.m */,
				D425456D19E189EC004B5AE3 /* Supporting Files */,
			);
			path = WhoIsInTests;
			sourceTree = "<group>";
		};
		D425456D19E189EC004B5AE3 /* Supporting Files */ = {
			isa = PBXGroup;
			children = (
				D425456E19E189EC004B5AE3 /* Info.plist */,
			);
			name = "Supporting Files";
			sourceTree = "<group>";
		};
		D425457D19E1ABE6004B5AE3 /* AppAPI */ = {
			isa = PBXGroup;
			children = (
				D4F777DE19F410630061F62C /* GCAppAPI.h */,
				D4F777DF19F410630061F62C /* GCAppAPI.m */,
				D4F777E019F410630061F62C /* GCAppSetup.h */,
				D4F777E119F410630061F62C /* GCAppSetup.m */,
				D4F777E219F410630061F62C /* GCNetwork.h */,
				D4F777E319F410630061F62C /* GCNetwork.m */,
			);
			path = AppAPI;
			sourceTree = "<group>";
		};
		D425458119E1ABF2004B5AE3 /* Store */ = {
			isa = PBXGroup;
			children = (
				D425458219E1ABF2004B5AE3 /* GCAppConfig.h */,
				D425458319E1ABF2004B5AE3 /* GCAppConfig.m */,
				D425458419E1ABF2004B5AE3 /* GCConstant.h */,
				D425458519E1ABF2004B5AE3 /* GCConstant.m */,
				D425458619E1ABF2004B5AE3 /* GCCustomLogFormatters.h */,
				D425458719E1ABF2004B5AE3 /* GCCustomLogFormatters.m */,
			);
			path = Store;
			sourceTree = "<group>";
		};
		D425458B19E1AC65004B5AE3 /* View */ = {
			isa = PBXGroup;
			children = (
				D425458F19E1ACFC004B5AE3 /* Cover */,
			);
			name = View;
			sourceTree = "<group>";
		};
		D425458F19E1ACFC004B5AE3 /* Cover */ = {
			isa = PBXGroup;
			children = (
				D4C767CA19F4130B005B2683 /* GCSignInViewController.h */,
				D4C767CB19F4130B005B2683 /* GCSignInViewController.m */,
				D4C767D619F43F4B005B2683 /* GCSignInView.h */,
				D4C767D719F43F4B005B2683 /* GCSignInView.m */,
				D4C767CD19F4131D005B2683 /* GCRegisterViewController.h */,
				D4C767CE19F4131D005B2683 /* GCRegisterViewController.m */,
				D4C767D319F41363005B2683 /* GCRegisterScrollView.h */,
				D4C767D419F41363005B2683 /* GCRegisterScrollView.m */,
			);
			name = Cover;
			sourceTree = "<group>";
		};
/* End PBXGroup section */

/* Begin PBXNativeTarget section */
		D425455519E189EC004B5AE3 /* WhoIsIn */ = {
			isa = PBXNativeTarget;
			buildConfigurationList = D425457319E189EC004B5AE3 /* Build configuration list for PBXNativeTarget "WhoIsIn" */;
			buildPhases = (
				44382E2AE0A273260DBAC656 /* Check Pods Manifest.lock */,
				D425455219E189EC004B5AE3 /* Sources */,
				D425455319E189EC004B5AE3 /* Frameworks */,
				D425455419E189EC004B5AE3 /* Resources */,
				2E15D6942EA61065C4C4B2BB /* Copy Pods Resources */,
			);
			buildRules = (
			);
			dependencies = (
			);
			name = WhoIsIn;
			productName = WhoIsIn;
			productReference = D425455619E189EC004B5AE3 /* WhoIsIn.app */;
			productType = "com.apple.product-type.application";
		};
		D425456819E189EC004B5AE3 /* WhoIsInTests */ = {
			isa = PBXNativeTarget;
			buildConfigurationList = D425457619E189EC004B5AE3 /* Build configuration list for PBXNativeTarget "WhoIsInTests" */;
			buildPhases = (
				D425456519E189EC004B5AE3 /* Sources */,
				D425456619E189EC004B5AE3 /* Frameworks */,
				D425456719E189EC004B5AE3 /* Resources */,
			);
			buildRules = (
			);
			dependencies = (
				D425456B19E189EC004B5AE3 /* PBXTargetDependency */,
			);
			name = WhoIsInTests;
			productName = WhoIsInTests;
			productReference = D425456919E189EC004B5AE3 /* WhoIsInTests.xctest */;
			productType = "com.apple.product-type.bundle.unit-test";
		};
/* End PBXNativeTarget section */

/* Begin PBXProject section */
		D425454E19E189EC004B5AE3 /* Project object */ = {
			isa = PBXProject;
			attributes = {
				CLASSPREFIX = GC;
				LastUpgradeCheck = 0600;
				ORGANIZATIONNAME = "Golden Compass";
				TargetAttributes = {
					D425455519E189EC004B5AE3 = {
						CreatedOnToolsVersion = 6.0.1;
					};
					D425456819E189EC004B5AE3 = {
						CreatedOnToolsVersion = 6.0.1;
						TestTargetID = D425455519E189EC004B5AE3;
					};
				};
			};
			buildConfigurationList = D425455119E189EC004B5AE3 /* Build configuration list for PBXProject "WhoIsIn" */;
			compatibilityVersion = "Xcode 3.2";
			developmentRegion = English;
			hasScannedForEncodings = 0;
			knownRegions = (
				en,
				Base,
			);
			mainGroup = D425454D19E189EC004B5AE3;
			productRefGroup = D425455719E189EC004B5AE3 /* Products */;
			projectDirPath = "";
			projectRoot = "";
			targets = (
				D425455519E189EC004B5AE3 /* WhoIsIn */,
				D425456819E189EC004B5AE3 /* WhoIsInTests */,
			);
		};
/* End PBXProject section */

/* Begin PBXResourcesBuildPhase section */
		D425455419E189EC004B5AE3 /* Resources */ = {
			isa = PBXResourcesBuildPhase;
			buildActionMask = 2147483647;
			files = (
				D425456419E189EC004B5AE3 /* LaunchScreen.xib in Resources */,
				D425456119E189EC004B5AE3 /* Images.xcassets in Resources */,
			);
			runOnlyForDeploymentPostprocessing = 0;
		};
		D425456719E189EC004B5AE3 /* Resources */ = {
			isa = PBXResourcesBuildPhase;
			buildActionMask = 2147483647;
			files = (
			);
			runOnlyForDeploymentPostprocessing = 0;
		};
/* End PBXResourcesBuildPhase section */

/* Begin PBXShellScriptBuildPhase section */
		2E15D6942EA61065C4C4B2BB /* Copy Pods Resources */ = {
			isa = PBXShellScriptBuildPhase;
			buildActionMask = 2147483647;
			files = (
			);
			inputPaths = (
			);
			name = "Copy Pods Resources";
			outputPaths = (
			);
			runOnlyForDeploymentPostprocessing = 0;
			shellPath = /bin/sh;
			shellScript = "\"${SRCROOT}/Pods/Target Support Files/Pods-WhoIsIn/Pods-WhoIsIn-resources.sh\"\n";
			showEnvVarsInLog = 0;
		};
		44382E2AE0A273260DBAC656 /* Check Pods Manifest.lock */ = {
			isa = PBXShellScriptBuildPhase;
			buildActionMask = 2147483647;
			files = (
			);
			inputPaths = (
			);
			name = "Check Pods Manifest.lock";
			outputPaths = (
			);
			runOnlyForDeploymentPostprocessing = 0;
			shellPath = /bin/sh;
			shellScript = "diff \"${PODS_ROOT}/../Podfile.lock\" \"${PODS_ROOT}/Manifest.lock\" > /dev/null\nif [[ $? != 0 ]] ; then\n    cat << EOM\nerror: The sandbox is not in sync with the Podfile.lock. Run 'pod install' or update your CocoaPods installation.\nEOM\n    exit 1\nfi\n";
			showEnvVarsInLog = 0;
		};
/* End PBXShellScriptBuildPhase section */

/* Begin PBXSourcesBuildPhase section */
		D425455219E189EC004B5AE3 /* Sources */ = {
			isa = PBXSourcesBuildPhase;
			buildActionMask = 2147483647;
			files = (
				D4C767CC19F4130B005B2683 /* GCSignInViewController.m in Sources */,
				D4C767D819F43F4B005B2683 /* GCSignInView.m in Sources */,
				D425458A19E1ABF2004B5AE3 /* GCCustomLogFormatters.m in Sources */,
				D425458919E1ABF2004B5AE3 /* GCConstant.m in Sources */,
				D4F777E419F410630061F62C /* GCAppAPI.m in Sources */,
				D4F777E519F410630061F62C /* GCAppSetup.m in Sources */,
				D425458819E1ABF2004B5AE3 /* GCAppConfig.m in Sources */,
				D4C767D519F41363005B2683 /* GCRegisterScrollView.m in Sources */,
				D4C767CF19F4131D005B2683 /* GCRegisterViewController.m in Sources */,
				D425455C19E189EC004B5AE3 /* main.m in Sources */,
				D4F777E619F410630061F62C /* GCNetwork.m in Sources */,
				D425457B19E1AA45004B5AE3 /* GCAppDelegate.m in Sources */,
			);
			runOnlyForDeploymentPostprocessing = 0;
		};
		D425456519E189EC004B5AE3 /* Sources */ = {
			isa = PBXSourcesBuildPhase;
			buildActionMask = 2147483647;
			files = (
				D425457019E189EC004B5AE3 /* WhoIsInTests.m in Sources */,
			);
			runOnlyForDeploymentPostprocessing = 0;
		};
/* End PBXSourcesBuildPhase section */

/* Begin PBXTargetDependency section */
		D425456B19E189EC004B5AE3 /* PBXTargetDependency */ = {
			isa = PBXTargetDependency;
			target = D425455519E189EC004B5AE3 /* WhoIsIn */;
			targetProxy = D425456A19E189EC004B5AE3 /* PBXContainerItemProxy */;
		};
/* End PBXTargetDependency section */

/* Begin PBXVariantGroup section */
		D425456219E189EC004B5AE3 /* LaunchScreen.xib */ = {
			isa = PBXVariantGroup;
			children = (
				D425456319E189EC004B5AE3 /* Base */,
			);
			name = LaunchScreen.xib;
			sourceTree = "<group>";
		};
/* End PBXVariantGroup section */

/* Begin XCBuildConfiguration section */
		D425457119E189EC004B5AE3 /* Debug */ = {
			isa = XCBuildConfiguration;
			buildSettings = {
				ALWAYS_SEARCH_USER_PATHS = NO;
				CLANG_CXX_LANGUAGE_STANDARD = "gnu++0x";
				CLANG_CXX_LIBRARY = "libc++";
				CLANG_ENABLE_MODULES = YES;
				CLANG_ENABLE_OBJC_ARC = YES;
				CLANG_WARN_BOOL_CONVERSION = YES;
				CLANG_WARN_CONSTANT_CONVERSION = YES;
				CLANG_WARN_DIRECT_OBJC_ISA_USAGE = YES_ERROR;
				CLANG_WARN_EMPTY_BODY = YES;
				CLANG_WARN_ENUM_CONVERSION = YES;
				CLANG_WARN_INT_CONVERSION = YES;
				CLANG_WARN_OBJC_ROOT_CLASS = YES_ERROR;
				CLANG_WARN_UNREACHABLE_CODE = YES;
				CLANG_WARN__DUPLICATE_METHOD_MATCH = YES;
				"CODE_SIGN_IDENTITY[sdk=iphoneos*]" = "iPhone Developer";
				COPY_PHASE_STRIP = NO;
				ENABLE_STRICT_OBJC_MSGSEND = YES;
				GCC_C_LANGUAGE_STANDARD = gnu99;
				GCC_DYNAMIC_NO_PIC = NO;
				GCC_OPTIMIZATION_LEVEL = 0;
				GCC_PREPROCESSOR_DEFINITIONS = (
					"DEBUG=1",
					"$(inherited)",
				);
				GCC_SYMBOLS_PRIVATE_EXTERN = NO;
				GCC_WARN_64_TO_32_BIT_CONVERSION = YES;
				GCC_WARN_ABOUT_RETURN_TYPE = YES_ERROR;
				GCC_WARN_UNDECLARED_SELECTOR = YES;
				GCC_WARN_UNINITIALIZED_AUTOS = YES_AGGRESSIVE;
				GCC_WARN_UNUSED_FUNCTION = YES;
				GCC_WARN_UNUSED_VARIABLE = YES;
				IPHONEOS_DEPLOYMENT_TARGET = 8.0;
				MTL_ENABLE_DEBUG_INFO = YES;
				ONLY_ACTIVE_ARCH = YES;
				SDKROOT = iphoneos;
				TARGETED_DEVICE_FAMILY = "1,2";
			};
			name = Debug;
		};
		D425457219E189EC004B5AE3 /* Release */ = {
			isa = XCBuildConfiguration;
			buildSettings = {
				ALWAYS_SEARCH_USER_PATHS = NO;
				CLANG_CXX_LANGUAGE_STANDARD = "gnu++0x";
				CLANG_CXX_LIBRARY = "libc++";
				CLANG_ENABLE_MODULES = YES;
				CLANG_ENABLE_OBJC_ARC = YES;
				CLANG_WARN_BOOL_CONVERSION = YES;
				CLANG_WARN_CONSTANT_CONVERSION = YES;
				CLANG_WARN_DIRECT_OBJC_ISA_USAGE = YES_ERROR;
				CLANG_WARN_EMPTY_BODY = YES;
				CLANG_WARN_ENUM_CONVERSION = YES;
				CLANG_WARN_INT_CONVERSION = YES;
				CLANG_WARN_OBJC_ROOT_CLASS = YES_ERROR;
				CLANG_WARN_UNREACHABLE_CODE = YES;
				CLANG_WARN__DUPLICATE_METHOD_MATCH = YES;
				"CODE_SIGN_IDENTITY[sdk=iphoneos*]" = "iPhone Developer";
				COPY_PHASE_STRIP = YES;
				ENABLE_NS_ASSERTIONS = NO;
				ENABLE_STRICT_OBJC_MSGSEND = YES;
				GCC_C_LANGUAGE_STANDARD = gnu99;
				GCC_WARN_64_TO_32_BIT_CONVERSION = YES;
				GCC_WARN_ABOUT_RETURN_TYPE = YES_ERROR;
				GCC_WARN_UNDECLARED_SELECTOR = YES;
				GCC_WARN_UNINITIALIZED_AUTOS = YES_AGGRESSIVE;
				GCC_WARN_UNUSED_FUNCTION = YES;
				GCC_WARN_UNUSED_VARIABLE = YES;
				IPHONEOS_DEPLOYMENT_TARGET = 8.0;
				MTL_ENABLE_DEBUG_INFO = NO;
				SDKROOT = iphoneos;
				TARGETED_DEVICE_FAMILY = "1,2";
				VALIDATE_PRODUCT = YES;
			};
			name = Release;
		};
		D425457419E189EC004B5AE3 /* Debug */ = {
			isa = XCBuildConfiguration;
			baseConfigurationReference = 222FCFFDD8D14EFDD86B6395 /* Pods-WhoIsIn.debug.xcconfig */;
			buildSettings = {
				ASSETCATALOG_COMPILER_APPICON_NAME = AppIcon;
				ASSETCATALOG_COMPILER_LAUNCHIMAGE_NAME = LaunchImage;
				GCC_PREFIX_HEADER = WhoIsIn/PrefixHeader.pch;
				INFOPLIST_FILE = WhoIsIn/Info.plist;
				IPHONEOS_DEPLOYMENT_TARGET = 7.0;
				LD_RUNPATH_SEARCH_PATHS = "$(inherited) @executable_path/Frameworks";
				PRODUCT_NAME = "$(TARGET_NAME)";
			};
			name = Debug;
		};
		D425457519E189EC004B5AE3 /* Release */ = {
			isa = XCBuildConfiguration;
			baseConfigurationReference = 79B8446B3835995823D7F228 /* Pods-WhoIsIn.release.xcconfig */;
			buildSettings = {
				ASSETCATALOG_COMPILER_APPICON_NAME = AppIcon;
				ASSETCATALOG_COMPILER_LAUNCHIMAGE_NAME = LaunchImage;
				GCC_PREFIX_HEADER = WhoIsIn/PrefixHeader.pch;
				INFOPLIST_FILE = WhoIsIn/Info.plist;
				IPHONEOS_DEPLOYMENT_TARGET = 7.0;
				LD_RUNPATH_SEARCH_PATHS = "$(inherited) @executable_path/Frameworks";
				PRODUCT_NAME = "$(TARGET_NAME)";
			};
			name = Release;
		};
		D425457719E189EC004B5AE3 /* Debug */ = {
			isa = XCBuildConfiguration;
			buildSettings = {
				BUNDLE_LOADER = "$(TEST_HOST)";
				FRAMEWORK_SEARCH_PATHS = (
					"$(SDKROOT)/Developer/Library/Frameworks",
					"$(inherited)",
				);
				GCC_PREPROCESSOR_DEFINITIONS = (
					"DEBUG=1",
					"$(inherited)",
				);
				INFOPLIST_FILE = WhoIsInTests/Info.plist;
				LD_RUNPATH_SEARCH_PATHS = "$(inherited) @executable_path/Frameworks @loader_path/Frameworks";
				PRODUCT_NAME = "$(TARGET_NAME)";
				TEST_HOST = "$(BUILT_PRODUCTS_DIR)/WhoIsIn.app/WhoIsIn";
			};
			name = Debug;
		};
		D425457819E189EC004B5AE3 /* Release */ = {
			isa = XCBuildConfiguration;
			buildSettings = {
				BUNDLE_LOADER = "$(TEST_HOST)";
				FRAMEWORK_SEARCH_PATHS = (
					"$(SDKROOT)/Developer/Library/Frameworks",
					"$(inherited)",
				);
				INFOPLIST_FILE = WhoIsInTests/Info.plist;
				LD_RUNPATH_SEARCH_PATHS = "$(inherited) @executable_path/Frameworks @loader_path/Frameworks";
				PRODUCT_NAME = "$(TARGET_NAME)";
				TEST_HOST = "$(BUILT_PRODUCTS_DIR)/WhoIsIn.app/WhoIsIn";
			};
			name = Release;
		};
/* End XCBuildConfiguration section */

/* Begin XCConfigurationList section */
		D425455119E189EC004B5AE3 /* Build configuration list for PBXProject "WhoIsIn" */ = {
			isa = XCConfigurationList;
			buildConfigurations = (
				D425457119E189EC004B5AE3 /* Debug */,
				D425457219E189EC004B5AE3 /* Release */,
			);
			defaultConfigurationIsVisible = 0;
			defaultConfigurationName = Release;
		};
		D425457319E189EC004B5AE3 /* Build configuration list for PBXNativeTarget "WhoIsIn" */ = {
			isa = XCConfigurationList;
			buildConfigurations = (
				D425457419E189EC004B5AE3 /* Debug */,
				D425457519E189EC004B5AE3 /* Release */,
			);
			defaultConfigurationIsVisible = 0;
			defaultConfigurationName = Release;
		};
		D425457619E189EC004B5AE3 /* Build configuration list for PBXNativeTarget "WhoIsInTests" */ = {
			isa = XCConfigurationList;
			buildConfigurations = (
				D425457719E189EC004B5AE3 /* Debug */,
				D425457819E189EC004B5AE3 /* Release */,
			);
			defaultConfigurationIsVisible = 0;
			defaultConfigurationName = Release;
		};
/* End XCConfigurationList section */
	};
	rootObject = D425454E19E189EC004B5AE3 /* Project object */;
}
